
Microsoft Visual Studio Solution File, Format Version 12.00
# Visual Studio Version 16
VisualStudioVersion = 16.0.31424.327
MinimumVisualStudioVersion = 10.0.40219.1
Project("{2150E333-8FDC-42A3-9474-1A3956D46DE8}") = "src", "src", "{ADFC928D-D219-43BB-81CE-2F48D7F495DB}"
EndProject
Project("{2150E333-8FDC-42A3-9474-1A3956D46DE8}") = "FootMark.Web", "FootMark.Web", "{3D95AF44-D48C-410D-BBDA-D6BDEBB226D5}"
EndProject
Project("{9A19103F-16F7-4668-BE54-9A1E7A4F7556}") = "FootMark.Web", "src\FootMark.Web\FootMark.Web.csproj", "{CEE82FD1-B6F7-422F-858B-25B0810E283A}"
EndProject
Project("{2150E333-8FDC-42A3-9474-1A3956D46DE8}") = "test", "test", "{A91DE556-7912-4ABD-B08F-7CBB333AE6DA}"
EndProject
Project("{2150E333-8FDC-42A3-9474-1A3956D46DE8}") = "UnitTest.Web", "UnitTest.Web", "{99483A90-8BE8-4219-832F-2C36492E6647}"
EndProject
Project("{9A19103F-16F7-4668-BE54-9A1E7A4F7556}") = "UnitTest.Web", "test\UnitTest.Web\UnitTest.Web.csproj", "{FDAB09D0-AEB9-4926-A00D-013BEA804691}"
EndProject
Project("{2150E333-8FDC-42A3-9474-1A3956D46DE8}") = "FootMark.Domain", "FootMark.Domain", "{477D1AF1-7F7D-4E09-A7DE-0048ABC3156B}"
EndProject
Project("{9A19103F-16F7-4668-BE54-9A1E7A4F7556}") = "FootMark.Domain", "src\FootMark.Domain\FootMark.Domain.csproj", "{65A4C97C-FDCB-4422-8A42-51A8A0CDDD54}"
EndProject
Project("{2150E333-8FDC-42A3-9474-1A3956D46DE8}") = "FootMark.Application", "FootMark.Application", "{076D2B61-D226-4843-8907-74C0024D9D3C}"
EndProject
Project("{FAE04EC0-301F-11D3-BF4B-00C04F79EFBC}") = "FootMark.Application", "src\FootMark.Application\FootMark.Application\FootMark.Application.csproj", "{DCA9168F-C8BA-413F-B0C8-AC89AE9C6CBB}"
EndProject
Project("{2150E333-8FDC-42A3-9474-1A3956D46DE8}") = "FootMark.Infrastructure", "FootMark.Infrastructure", "{1D08D7E3-9B99-4481-8339-2CA877CCAE54}"
EndProject
Project("{FAE04EC0-301F-11D3-BF4B-00C04F79EFBC}") = "FootMark.Infrastructure", "src\FootMark.Infrastructure\FootMark.Infrastructure\FootMark.Infrastructure.csproj", "{1F6E0773-11F6-4FD4-8705-F08277709A64}"
EndProject
Project("{2150E333-8FDC-42A3-9474-1A3956D46DE8}") = "UnitTest.Application", "UnitTest.Application", "{D3B27C59-C13C-4EEA-B675-87AF146597B8}"
EndProject
Project("{FAE04EC0-301F-11D3-BF4B-00C04F79EFBC}") = "UnitTest.Application", "test\UnitTest.Application\UnitTest.Application\UnitTest.Application.csproj", "{7D3C8124-98C0-43B7-A58B-B6382997F437}"
EndProject
Global
	GlobalSection(SolutionConfigurationPlatforms) = preSolution
		Debug|Any CPU = Debug|Any CPU
		Release|Any CPU = Release|Any CPU
	EndGlobalSection
	GlobalSection(ProjectConfigurationPlatforms) = postSolution
		{CEE82FD1-B6F7-422F-858B-25B0810E283A}.Debug|Any CPU.ActiveCfg = Debug|Any CPU
		{CEE82FD1-B6F7-422F-858B-25B0810E283A}.Debug|Any CPU.Build.0 = Debug|Any CPU
		{CEE82FD1-B6F7-422F-858B-25B0810E283A}.Release|Any CPU.ActiveCfg = Release|Any CPU
		{CEE82FD1-B6F7-422F-858B-25B0810E283A}.Release|Any CPU.Build.0 = Release|Any CPU
		{FDAB09D0-AEB9-4926-A00D-013BEA804691}.Debug|Any CPU.ActiveCfg = Debug|Any CPU
		{FDAB09D0-AEB9-4926-A00D-013BEA804691}.Debug|Any CPU.Build.0 = Debug|Any CPU
		{FDAB09D0-AEB9-4926-A00D-013BEA804691}.Release|Any CPU.ActiveCfg = Release|Any CPU
		{FDAB09D0-AEB9-4926-A00D-013BEA804691}.Release|Any CPU.Build.0 = Release|Any CPU
		{65A4C97C-FDCB-4422-8A42-51A8A0CDDD54}.Debug|Any CPU.ActiveCfg = Debug|Any CPU
		{65A4C97C-FDCB-4422-8A42-51A8A0CDDD54}.Debug|Any CPU.Build.0 = Debug|Any CPU
		{65A4C97C-FDCB-4422-8A42-51A8A0CDDD54}.Release|Any CPU.ActiveCfg = Release|Any CPU
		{65A4C97C-FDCB-4422-8A42-51A8A0CDDD54}.Release|Any CPU.Build.0 = Release|Any CPU
		{DCA9168F-C8BA-413F-B0C8-AC89AE9C6CBB}.Debug|Any CPU.ActiveCfg = Debug|Any CPU
		{DCA9168F-C8BA-413F-B0C8-AC89AE9C6CBB}.Debug|Any CPU.Build.0 = Debug|Any CPU
		{DCA9168F-C8BA-413F-B0C8-AC89AE9C6CBB}.Release|Any CPU.ActiveCfg = Release|Any CPU
		{DCA9168F-C8BA-413F-B0C8-AC89AE9C6CBB}.Release|Any CPU.Build.0 = Release|Any CPU
		{1F6E0773-11F6-4FD4-8705-F08277709A64}.Debug|Any CPU.ActiveCfg = Debug|Any CPU
		{1F6E0773-11F6-4FD4-8705-F08277709A64}.Debug|Any CPU.Build.0 = Debug|Any CPU
		{1F6E0773-11F6-4FD4-8705-F08277709A64}.Release|Any CPU.ActiveCfg = Release|Any CPU
		{1F6E0773-11F6-4FD4-8705-F08277709A64}.Release|Any CPU.Build.0 = Release|Any CPU
		{7D3C8124-98C0-43B7-A58B-B6382997F437}.Debug|Any CPU.ActiveCfg = Debug|Any CPU
		{7D3C8124-98C0-43B7-A58B-B6382997F437}.Debug|Any CPU.Build.0 = Debug|Any CPU
		{7D3C8124-98C0-43B7-A58B-B6382997F437}.Release|Any CPU.ActiveCfg = Release|Any CPU
		{7D3C8124-98C0-43B7-A58B-B6382997F437}.Release|Any CPU.Build.0 = Release|Any CPU
	EndGlobalSection
	GlobalSection(SolutionProperties) = preSolution
		HideSolutionNode = FALSE
	EndGlobalSection
	GlobalSection(NestedProjects) = preSolution
		{3D95AF44-D48C-410D-BBDA-D6BDEBB226D5} = {ADFC928D-D219-43BB-81CE-2F48D7F495DB}
		{CEE82FD1-B6F7-422F-858B-25B0810E283A} = {3D95AF44-D48C-410D-BBDA-D6BDEBB226D5}
		{99483A90-8BE8-4219-832F-2C36492E6647} = {A91DE556-7912-4ABD-B08F-7CBB333AE6DA}
		{FDAB09D0-AEB9-4926-A00D-013BEA804691} = {99483A90-8BE8-4219-832F-2C36492E6647}
		{477D1AF1-7F7D-4E09-A7DE-0048ABC3156B} = {ADFC928D-D219-43BB-81CE-2F48D7F495DB}
		{65A4C97C-FDCB-4422-8A42-51A8A0CDDD54} = {477D1AF1-7F7D-4E09-A7DE-0048ABC3156B}
		{076D2B61-D226-4843-8907-74C0024D9D3C} = {ADFC928D-D219-43BB-81CE-2F48D7F495DB}
		{DCA9168F-C8BA-413F-B0C8-AC89AE9C6CBB} = {076D2B61-D226-4843-8907-74C0024D9D3C}
		{1D08D7E3-9B99-4481-8339-2CA877CCAE54} = {ADFC928D-D219-43BB-81CE-2F48D7F495DB}
		{1F6E0773-11F6-4FD4-8705-F08277709A64} = {1D08D7E3-9B99-4481-8339-2CA877CCAE54}
		{D3B27C59-C13C-4EEA-B675-87AF146597B8} = {A91DE556-7912-4ABD-B08F-7CBB333AE6DA}
		{7D3C8124-98C0-43B7-A58B-B6382997F437} = {D3B27C59-C13C-4EEA-B675-87AF146597B8}
	EndGlobalSection
	GlobalSection(ExtensibilityGlobals) = postSolution
		SolutionGuid = {D1844CE8-5FE4-4F27-ADF1-198776BA79BA}
	EndGlobalSection
EndGlobal
