
Microsoft Visual Studio Solution File, Format Version 12.00
# Visual Studio Version 16
VisualStudioVersion = 16.0.31424.327
MinimumVisualStudioVersion = 10.0.40219.1
Project("{2150E333-8FDC-42A3-9474-1A3956D46DE8}") = "src", "src", "{ADFC928D-D219-43BB-81CE-2F48D7F495DB}"
EndProject
Project("{2150E333-8FDC-42A3-9474-1A3956D46DE8}") = "FootMark.Web", "FootMark.Web", "{3D95AF44-D48C-410D-BBDA-D6BDEBB226D5}"
EndProject
Project("{9A19103F-16F7-4668-BE54-9A1E7A4F7556}") = "FootMark.Web", "src\FootMark.Web\FootMark.Web.csproj", "{CEE82FD1-B6F7-422F-858B-25B0810E283A}"
EndProject
Project("{2150E333-8FDC-42A3-9474-1A3956D46DE8}") = "test", "test", "{A91DE556-7912-4ABD-B08F-7CBB333AE6DA}"
EndProject
Project("{2150E333-8FDC-42A3-9474-1A3956D46DE8}") = "UnitTest.Web", "UnitTest.Web", "{99483A90-8BE8-4219-832F-2C36492E6647}"
EndProject
Project("{9A19103F-16F7-4668-BE54-9A1E7A4F7556}") = "UnitTest.Web", "test\UnitTest.Web\UnitTest.Web.csproj", "{FDAB09D0-AEB9-4926-A00D-013BEA804691}"
EndProject
Project("{2150E333-8FDC-42A3-9474-1A3956D46DE8}") = "UnitTest.Core", "UnitTest.Core", "{6EBA5AE5-125C-4854-8CB2-9487794DDD49}"
EndProject
Project("{9A19103F-16F7-4668-BE54-9A1E7A4F7556}") = "UnitTest.Core", "test\UnitTest.Core\UnitTest.Core.csproj", "{2495A2C9-3AC6-4D49-B043-81CA5609703D}"
EndProject
Project("{2150E333-8FDC-42A3-9474-1A3956D46DE8}") = "FootMark.Domain", "FootMark.Domain", "{477D1AF1-7F7D-4E09-A7DE-0048ABC3156B}"
EndProject
Project("{9A19103F-16F7-4668-BE54-9A1E7A4F7556}") = "FootMark.Domain", "src\FootMark.Domain\FootMark.Domain.csproj", "{65A4C97C-FDCB-4422-8A42-51A8A0CDDD54}"
EndProject
Project("{2150E333-8FDC-42A3-9474-1A3956D46DE8}") = "FootMark.Services", "FootMark.Services", "{79D06B25-7E2F-4004-B07A-D82FC1CEC500}"
EndProject
Project("{2150E333-8FDC-42A3-9474-1A3956D46DE8}") = "FootMark.Repositories", "FootMark.Repositories", "{26D3E2C6-7B36-4572-A1E5-40A204DCEF86}"
EndProject
Project("{FAE04EC0-301F-11D3-BF4B-00C04F79EFBC}") = "FootMark.Repositories", "src\FootMark.Repositories\FootMark.Repositories.csproj", "{1981985C-96D6-4CB0-BA93-FCD04CA3B25A}"
EndProject
Project("{FAE04EC0-301F-11D3-BF4B-00C04F79EFBC}") = "FootMark.Services", "src\FootMark.Services\FootMark.Services.csproj", "{F8B2C314-3DCD-4BD8-97EB-943BBB5F1F31}"
EndProject
Global
	GlobalSection(SolutionConfigurationPlatforms) = preSolution
		Debug|Any CPU = Debug|Any CPU
		Release|Any CPU = Release|Any CPU
	EndGlobalSection
	GlobalSection(ProjectConfigurationPlatforms) = postSolution
		{CEE82FD1-B6F7-422F-858B-25B0810E283A}.Debug|Any CPU.ActiveCfg = Debug|Any CPU
		{CEE82FD1-B6F7-422F-858B-25B0810E283A}.Debug|Any CPU.Build.0 = Debug|Any CPU
		{CEE82FD1-B6F7-422F-858B-25B0810E283A}.Release|Any CPU.ActiveCfg = Release|Any CPU
		{CEE82FD1-B6F7-422F-858B-25B0810E283A}.Release|Any CPU.Build.0 = Release|Any CPU
		{FDAB09D0-AEB9-4926-A00D-013BEA804691}.Debug|Any CPU.ActiveCfg = Debug|Any CPU
		{FDAB09D0-AEB9-4926-A00D-013BEA804691}.Debug|Any CPU.Build.0 = Debug|Any CPU
		{FDAB09D0-AEB9-4926-A00D-013BEA804691}.Release|Any CPU.ActiveCfg = Release|Any CPU
		{FDAB09D0-AEB9-4926-A00D-013BEA804691}.Release|Any CPU.Build.0 = Release|Any CPU
		{2495A2C9-3AC6-4D49-B043-81CA5609703D}.Debug|Any CPU.ActiveCfg = Debug|Any CPU
		{2495A2C9-3AC6-4D49-B043-81CA5609703D}.Debug|Any CPU.Build.0 = Debug|Any CPU
		{2495A2C9-3AC6-4D49-B043-81CA5609703D}.Release|Any CPU.ActiveCfg = Release|Any CPU
		{2495A2C9-3AC6-4D49-B043-81CA5609703D}.Release|Any CPU.Build.0 = Release|Any CPU
		{65A4C97C-FDCB-4422-8A42-51A8A0CDDD54}.Debug|Any CPU.ActiveCfg = Debug|Any CPU
		{65A4C97C-FDCB-4422-8A42-51A8A0CDDD54}.Debug|Any CPU.Build.0 = Debug|Any CPU
		{65A4C97C-FDCB-4422-8A42-51A8A0CDDD54}.Release|Any CPU.ActiveCfg = Release|Any CPU
		{65A4C97C-FDCB-4422-8A42-51A8A0CDDD54}.Release|Any CPU.Build.0 = Release|Any CPU
		{1981985C-96D6-4CB0-BA93-FCD04CA3B25A}.Debug|Any CPU.ActiveCfg = Debug|Any CPU
		{1981985C-96D6-4CB0-BA93-FCD04CA3B25A}.Debug|Any CPU.Build.0 = Debug|Any CPU
		{1981985C-96D6-4CB0-BA93-FCD04CA3B25A}.Release|Any CPU.ActiveCfg = Release|Any CPU
		{1981985C-96D6-4CB0-BA93-FCD04CA3B25A}.Release|Any CPU.Build.0 = Release|Any CPU
		{F8B2C314-3DCD-4BD8-97EB-943BBB5F1F31}.Debug|Any CPU.ActiveCfg = Debug|Any CPU
		{F8B2C314-3DCD-4BD8-97EB-943BBB5F1F31}.Debug|Any CPU.Build.0 = Debug|Any CPU
		{F8B2C314-3DCD-4BD8-97EB-943BBB5F1F31}.Release|Any CPU.ActiveCfg = Release|Any CPU
		{F8B2C314-3DCD-4BD8-97EB-943BBB5F1F31}.Release|Any CPU.Build.0 = Release|Any CPU
	EndGlobalSection
	GlobalSection(SolutionProperties) = preSolution
		HideSolutionNode = FALSE
	EndGlobalSection
	GlobalSection(NestedProjects) = preSolution
		{3D95AF44-D48C-410D-BBDA-D6BDEBB226D5} = {ADFC928D-D219-43BB-81CE-2F48D7F495DB}
		{CEE82FD1-B6F7-422F-858B-25B0810E283A} = {3D95AF44-D48C-410D-BBDA-D6BDEBB226D5}
		{99483A90-8BE8-4219-832F-2C36492E6647} = {A91DE556-7912-4ABD-B08F-7CBB333AE6DA}
		{FDAB09D0-AEB9-4926-A00D-013BEA804691} = {99483A90-8BE8-4219-832F-2C36492E6647}
		{6EBA5AE5-125C-4854-8CB2-9487794DDD49} = {A91DE556-7912-4ABD-B08F-7CBB333AE6DA}
		{2495A2C9-3AC6-4D49-B043-81CA5609703D} = {6EBA5AE5-125C-4854-8CB2-9487794DDD49}
		{477D1AF1-7F7D-4E09-A7DE-0048ABC3156B} = {ADFC928D-D219-43BB-81CE-2F48D7F495DB}
		{65A4C97C-FDCB-4422-8A42-51A8A0CDDD54} = {477D1AF1-7F7D-4E09-A7DE-0048ABC3156B}
		{79D06B25-7E2F-4004-B07A-D82FC1CEC500} = {ADFC928D-D219-43BB-81CE-2F48D7F495DB}
		{26D3E2C6-7B36-4572-A1E5-40A204DCEF86} = {ADFC928D-D219-43BB-81CE-2F48D7F495DB}
		{1981985C-96D6-4CB0-BA93-FCD04CA3B25A} = {26D3E2C6-7B36-4572-A1E5-40A204DCEF86}
		{F8B2C314-3DCD-4BD8-97EB-943BBB5F1F31} = {79D06B25-7E2F-4004-B07A-D82FC1CEC500}
	EndGlobalSection
	GlobalSection(ExtensibilityGlobals) = postSolution
		SolutionGuid = {D1844CE8-5FE4-4F27-ADF1-198776BA79BA}
	EndGlobalSection
EndGlobal
